
Microsoft Visual Studio Solution File, Format Version 12.00
# Visual Studio Version 16
VisualStudioVersion = 16.0.29306.81
MinimumVisualStudioVersion = 10.0.40219.1
Project("{FAE04EC0-301F-11D3-BF4B-00C04F79EFBC}") = "svanTipuricZadatak2", "svanTipuricZadatak2\svanTipuricZadatak2.csproj", "{FDED6EBA-514E-4548-9887-3E931478C9CE}"
EndProject
Global
	GlobalSection(SolutionConfigurationPlatforms) = preSolution
		Debug|Any CPU = Debug|Any CPU
		Release|Any CPU = Release|Any CPU
	EndGlobalSection
	GlobalSection(ProjectConfigurationPlatforms) = postSolution
		{FDED6EBA-514E-4548-9887-3E931478C9CE}.Debug|Any CPU.ActiveCfg = Debug|Any CPU
		{FDED6EBA-514E-4548-9887-3E931478C9CE}.Debug|Any CPU.Build.0 = Debug|Any CPU
		{FDED6EBA-514E-4548-9887-3E931478C9CE}.Release|Any CPU.ActiveCfg = Release|Any CPU
		{FDED6EBA-514E-4548-9887-3E931478C9CE}.Release|Any CPU.Build.0 = Release|Any CPU
	EndGlobalSection
	GlobalSection(SolutionProperties) = preSolution
		HideSolutionNode = FALSE
	EndGlobalSection
	GlobalSection(ExtensibilityGlobals) = postSolution
		SolutionGuid = {6C764BEA-4B7C-43C8-A38A-8C5234448E19}
	EndGlobalSection
EndGlobal
